Microsoft Visual Studio Solution File, Format Version 12.00
# Visual Studio Version 17
VisualStudioVersion = 17.5.2.0
MinimumVisualStudioVersion = 10.0.40219.1
Project("{FAE04EC0-301F-11D3-BF4B-00C04F79EFBC}") = "OrdemSearch", "OrdemSearch\OrdemSearch.csproj", "{722E0FFB-2484-45A2-5E9D-E832B6A554D6}"
EndProject
Global
	GlobalSection(SolutionConfigurationPlatforms) = preSolution
		Debug|Any CPU = Debug|Any CPU
		Release|Any CPU = Release|Any CPU
	EndGlobalSection
	GlobalSection(ProjectConfigurationPlatforms) = postSolution
		{722E0FFB-2484-45A2-5E9D-E832B6A554D6}.Debug|Any CPU.ActiveCfg = Debug|Any CPU
		{722E0FFB-2484-45A2-5E9D-E832B6A554D6}.Debug|Any CPU.Build.0 = Debug|Any CPU
		{722E0FFB-2484-45A2-5E9D-E832B6A554D6}.Release|Any CPU.ActiveCfg = Release|Any CPU
		{722E0FFB-2484-45A2-5E9D-E832B6A554D6}.Release|Any CPU.Build.0 = Release|Any CPU
	EndGlobalSection
	GlobalSection(SolutionProperties) = preSolution
		HideSolutionNode = FALSE
	EndGlobalSection
	GlobalSection(ExtensibilityGlobals) = postSolution
		SolutionGuid = {A86012BA-B9F9-4724-9FAB-D1915AD2CCF9}
	EndGlobalSection
EndGlobal
